
Microsoft Visual Studio Solution File, Format Version 10.00
# Visual Studio 2008
Project("{FAE04EC0-301F-11D3-BF4B-00C04F79EFBC}") = "aCudaResearch", "aCudaResearch\aCudaResearch.csproj", "{BDD5DBA3-4C36-4A66-B63E-2E2D182FA508}"
EndProject
Project("{2150E333-8FDC-42A3-9474-1A3956D46DE8}") = "Solution Items", "Solution Items", "{49FA3D85-D71A-41C5-9E26-2CA5FF106075}"
	ProjectSection(SolutionItems) = preProject
		aCudaResearch.vsmdi = aCudaResearch.vsmdi
		aCudaResearch1.vsmdi = aCudaResearch1.vsmdi
		LocalTestRun.testrunconfig = LocalTestRun.testrunconfig
	EndProjectSection
EndProject
Project("{FAE04EC0-301F-11D3-BF4B-00C04F79EFBC}") = "aCudaResearch.Tests", "aCudaResearch.Tests\aCudaResearch.Tests.csproj", "{45DCD77E-3361-4939-ACFD-CEAE7EED840C}"
EndProject
Global
	GlobalSection(TestCaseManagementSettings) = postSolution
		CategoryFile = aCudaResearch1.vsmdi
	EndGlobalSection
	GlobalSection(SolutionConfigurationPlatforms) = preSolution
		Debug|Any CPU = Debug|Any CPU
		Release|Any CPU = Release|Any CPU
	EndGlobalSection
	GlobalSection(ProjectConfigurationPlatforms) = postSolution
		{BDD5DBA3-4C36-4A66-B63E-2E2D182FA508}.Debug|Any CPU.ActiveCfg = Debug|Any CPU
		{BDD5DBA3-4C36-4A66-B63E-2E2D182FA508}.Debug|Any CPU.Build.0 = Debug|Any CPU
		{BDD5DBA3-4C36-4A66-B63E-2E2D182FA508}.Release|Any CPU.ActiveCfg = Release|Any CPU
		{BDD5DBA3-4C36-4A66-B63E-2E2D182FA508}.Release|Any CPU.Build.0 = Release|Any CPU
		{45DCD77E-3361-4939-ACFD-CEAE7EED840C}.Debug|Any CPU.ActiveCfg = Debug|Any CPU
		{45DCD77E-3361-4939-ACFD-CEAE7EED840C}.Debug|Any CPU.Build.0 = Debug|Any CPU
		{45DCD77E-3361-4939-ACFD-CEAE7EED840C}.Release|Any CPU.ActiveCfg = Release|Any CPU
		{45DCD77E-3361-4939-ACFD-CEAE7EED840C}.Release|Any CPU.Build.0 = Release|Any CPU
	EndGlobalSection
	GlobalSection(SolutionProperties) = preSolution
		HideSolutionNode = FALSE
	EndGlobalSection
EndGlobal
